
Microsoft Visual Studio Solution File, Format Version 12.00
# Visual Studio 15
VisualStudioVersion = 15.0.28307.572
MinimumVisualStudioVersion = 10.0.40219.1
Project("{888888A0-9F3D-457C-B088-3A5042F75D52}") = "LCD", "LCD.pyproj", "{15FAB0F8-9ACC-435C-B096-B0B69BFAA243}"
EndProject
Global
	GlobalSection(SolutionConfigurationPlatforms) = preSolution
		Debug|Any CPU = Debug|Any CPU
		Release|Any CPU = Release|Any CPU
	EndGlobalSection
	GlobalSection(ProjectConfigurationPlatforms) = postSolution
		{15FAB0F8-9ACC-435C-B096-B0B69BFAA243}.Debug|Any CPU.ActiveCfg = Debug|Any CPU
		{15FAB0F8-9ACC-435C-B096-B0B69BFAA243}.Release|Any CPU.ActiveCfg = Release|Any CPU
	EndGlobalSection
	GlobalSection(SolutionProperties) = preSolution
		HideSolutionNode = FALSE
	EndGlobalSection
	GlobalSection(ExtensibilityGlobals) = postSolution
		SolutionGuid = {26C92729-9CEB-4738-ADA1-7FF62C352A95}
	EndGlobalSection
EndGlobal
